{
  "requires": true,
  "lockfileVersion": 1,
  "dependencies": {
    "commander": {
      "version": "2.20.3",
      "resolved": "https://registry.npm.taobao.org/commander/download/commander-2.20.3.tgz?cache=0&sync_timestamp=1592632075120&other_urls=https%3A%2F%2Fregistry.npm.taobao.org%2Fcommander%2Fdownload%2Fcommander-2.20.3.tgz",
      "integrity": "sha1-/UhehMA+tIgcIHIrpIA16FMa6zM="
    },
    "cssfilter": {
      "version": "0.0.10",
      "resolved": "https://registry.npm.taobao.org/cssfilter/download/cssfilter-0.0.10.tgz",
      "integrity": "sha1-xtJnJjKi5cg+AT5oZKQs6N79IK4="
    },
    "highlight.js": {
      "version": "9.18.1",
      "resolved": "https://registry.npm.taobao.org/highlight.js/download/highlight.js-9.18.1.tgz?cache=0&sync_timestamp=1592353756514&other_urls=https%3A%2F%2Fregistry.npm.taobao.org%2Fhighlight.js%2Fdownload%2Fhighlight.js-9.18.1.tgz",
      "integrity": "sha1-7SGqAB/mJSuxCj121HVzxlOf4Tw="
    },
    "highlight.js-async-webpack": {
      "version": "1.0.4",
      "resolved": "https://registry.npm.taobao.org/highlight.js-async-webpack/download/highlight.js-async-webpack-1.0.4.tgz",
      "integrity": "sha1-wGtnv5nwSQRdYrdW5YVbCRLsYWw="
    },
    "mavon-editor": {
      "version": "2.9.0",
      "resolved": "https://registry.npm.taobao.org/mavon-editor/download/mavon-editor-2.9.0.tgz",
      "integrity": "sha1-5Ru83N4YuSNjM6nOsS/tLYRUKQA=",
      "requires": {
        "highlight.js": "^9.11.0",
        "highlight.js-async-webpack": "^1.0.4",
        "xss": "^1.0.6"
      }
    },
    "uview-ui": {
      "version": "1.5.1",
      "resolved": "https://registry.npm.taobao.org/uview-ui/download/uview-ui-1.5.1.tgz",
      "integrity": "sha1-aLXPXDvRpQMxtAgtov8jA1zTnFE="
    },
    "xss": {
      "version": "1.0.7",
      "resolved": "https://registry.npm.taobao.org/xss/download/xss-1.0.7.tgz?cache=0&sync_timestamp=1591583655806&other_urls=https%3A%2F%2Fregistry.npm.taobao.org%2Fxss%2Fdownload%2Fxss-1.0.7.tgz",
      "integrity": "sha1-pVTL1ekJMkvWiT+0f/9EGtVOKpU=",
      "requires": {
        "commander": "^2.20.3",
        "cssfilter": "0.0.10"
      }
    }
  }
}
